<?xml version="1.0" encoding="utf-8"?>
<Project ToolsVersion="4.0" xmlns="http://schemas.microsoft.com/developer/msbuild/2003">
  <ItemGroup>
    <Filter Include="Source Files">
      <UniqueIdentifier>{4FC737F1-C7A5-4376-A066-2A32D752A2FF}</UniqueIdentifier>
      <Extensions>cpp;c;cc;cxx;c++;cppm;ixx;def;odl;idl;hpj;bat;asm;asmx</Extensions>
    </Filter>
    <Filter Include="Header Files">
      <UniqueIdentifier>{93995380-89BD-4b04-88EB-625FBE52EBFB}</UniqueIdentifier>
      <Extensions>h;hh;hpp;hxx;h++;hm;inl;inc;ipp;xsd</Extensions>
    </Filter>
    <Filter Include="Resource Files">
      <UniqueIdentifier>{67DA6AB6-F800-4c08-8B7A-83BB121AAD01}</UniqueIdentifier>
      <Extensions>rc;ico;cur;bmp;dlg;rc2;rct;bin;rgs;gif;jpg;jpeg;jpe;resx;tiff;tif;png;wav;mfcribbon-ms</Extensions>
    </Filter>
    <Filter Include="Slang Structs">
      <UniqueIdentifier>{557b0268-d259-45bc-924a-a8557eb7661c}</UniqueIdentifier>
    </Filter>
  </ItemGroup>
  <ItemGroup>
    <ClInclude Include="SlangNative.h">
      <Filter>Header Files</Filter>
    </ClInclude>
    <ClInclude Include="EntryPointCLI.h">
      <Filter>Header Files</Filter>
    </ClInclude>
    <ClInclude Include="ModuleCLI.h">
      <Filter>Header Files</Filter>
    </ClInclude>
    <ClInclude Include="ParameterInfoCLI.h">
      <Filter>Header Files</Filter>
    </ClInclude>
    <ClInclude Include="ProgramCLI.h">
      <Filter>Header Files</Filter>
    </ClInclude>
    <ClInclude Include="SessionCLI.h">
      <Filter>Header Files</Filter>
    </ClInclude>
    <ClInclude Include="CompilerOptionValueCLI.h">
      <Filter>Slang Structs</Filter>
    </ClInclude>
    <ClInclude Include="CompilerOptionValueKindCLI.h">
      <Filter>Slang Structs</Filter>
    </ClInclude>
    <ClInclude Include="PreprocessorMacroDescCLI.h">
      <Filter>Slang Structs</Filter>
    </ClInclude>
    <ClInclude Include="CompilerOptionCLI.h">
      <Filter>Slang Structs</Filter>
    </ClInclude>
    <ClInclude Include="CompilerOptionNameCLI.h">
      <Filter>Slang Structs</Filter>
    </ClInclude>
    <ClInclude Include="ShaderModelCLI.h">
      <Filter>Slang Structs</Filter>
    </ClInclude>
  </ItemGroup>
  <ItemGroup>
    <ClCompile Include="SlangNative.cpp">
      <Filter>Source Files</Filter>
    </ClCompile>
    <ClCompile Include="EntryPointCLI.cpp">
      <Filter>Source Files</Filter>
    </ClCompile>
    <ClCompile Include="ModuleCLI.cpp">
      <Filter>Source Files</Filter>
    </ClCompile>
    <ClCompile Include="ProgramCLI.cpp">
      <Filter>Source Files</Filter>
    </ClCompile>
    <ClCompile Include="SessionCLI.cpp">
      <Filter>Source Files</Filter>
    </ClCompile>
    <ClCompile Include="CompilerOptionCLI.cpp">
      <Filter>Slang Structs</Filter>
    </ClCompile>
    <ClCompile Include="CompileTargetCLI.h">
      <Filter>Slang Structs</Filter>
    </ClCompile>
    <ClCompile Include="PreprocessorMacroDescCLI.cpp">
      <Filter>Slang Structs</Filter>
    </ClCompile>
    <ClCompile Include="ShaderModelCLI.cpp">
      <Filter>Slang Structs</Filter>
    </ClCompile>
  </ItemGroup>
</Project>